
Microsoft Visual Studio Solution File, Format Version 12.00
# Visual Studio Version 17
VisualStudioVersion = 17.5.002.0
MinimumVisualStudioVersion = 10.0.40219.1
Project("{9A19103F-16F7-4668-BE54-9A1E7A4F7556}") = "KnowledgeCheck1_Calculator", "KnowledgeCheck1_Calculator\KnowledgeCheck1_Calculator.csproj", "{3B598A89-9720-4123-AAE5-FE2BD5CEC875}"
EndProject
Global
	GlobalSection(SolutionConfigurationPlatforms) = preSolution
		Debug|Any CPU = Debug|Any CPU
		Release|Any CPU = Release|Any CPU
	EndGlobalSection
	GlobalSection(ProjectConfigurationPlatforms) = postSolution
		{3B598A89-9720-4123-AAE5-FE2BD5CEC875}.Debug|Any CPU.ActiveCfg = Debug|Any CPU
		{3B598A89-9720-4123-AAE5-FE2BD5CEC875}.Debug|Any CPU.Build.0 = Debug|Any CPU
		{3B598A89-9720-4123-AAE5-FE2BD5CEC875}.Release|Any CPU.ActiveCfg = Release|Any CPU
		{3B598A89-9720-4123-AAE5-FE2BD5CEC875}.Release|Any CPU.Build.0 = Release|Any CPU
	EndGlobalSection
	GlobalSection(SolutionProperties) = preSolution
		HideSolutionNode = FALSE
	EndGlobalSection
	GlobalSection(ExtensibilityGlobals) = postSolution
		SolutionGuid = {9AE7705E-7A24-48B8-845F-D78375A69597}
	EndGlobalSection
EndGlobal
